
Microsoft Visual Studio Solution File, Format Version 12.00
# Visual Studio Version 16
VisualStudioVersion = 16.0.30114.105
MinimumVisualStudioVersion = 10.0.40219.1
Project("{FAE04EC0-301F-11D3-BF4B-00C04F79EFBC}") = "API", "API\API.csproj", "{748AFFBC-327A-4830-BDBC-C4E269366E09}"
EndProject
Project("{FAE04EC0-301F-11D3-BF4B-00C04F79EFBC}") = "Application", "Application\Application.csproj", "{9C83F8AA-1486-450A-AA62-99A424850AC4}"
EndProject
Project("{FAE04EC0-301F-11D3-BF4B-00C04F79EFBC}") = "Persistence", "Persistence\Persistence.csproj", "{877A9EB4-E789-4E29-ABC9-F863906AA4B6}"
EndProject
Project("{FAE04EC0-301F-11D3-BF4B-00C04F79EFBC}") = "Domain", "Domain\Domain.csproj", "{4D18BA58-7296-4182-BBCB-D62205F2B652}"
EndProject
Global
	GlobalSection(SolutionConfigurationPlatforms) = preSolution
		Debug|Any CPU = Debug|Any CPU
		Release|Any CPU = Release|Any CPU
	EndGlobalSection
	GlobalSection(SolutionProperties) = preSolution
		HideSolutionNode = FALSE
	EndGlobalSection
	GlobalSection(ProjectConfigurationPlatforms) = postSolution
		{748AFFBC-327A-4830-BDBC-C4E269366E09}.Debug|Any CPU.ActiveCfg = Debug|Any CPU
		{748AFFBC-327A-4830-BDBC-C4E269366E09}.Debug|Any CPU.Build.0 = Debug|Any CPU
		{748AFFBC-327A-4830-BDBC-C4E269366E09}.Release|Any CPU.ActiveCfg = Release|Any CPU
		{748AFFBC-327A-4830-BDBC-C4E269366E09}.Release|Any CPU.Build.0 = Release|Any CPU
		{9C83F8AA-1486-450A-AA62-99A424850AC4}.Debug|Any CPU.ActiveCfg = Debug|Any CPU
		{9C83F8AA-1486-450A-AA62-99A424850AC4}.Debug|Any CPU.Build.0 = Debug|Any CPU
		{9C83F8AA-1486-450A-AA62-99A424850AC4}.Release|Any CPU.ActiveCfg = Release|Any CPU
		{9C83F8AA-1486-450A-AA62-99A424850AC4}.Release|Any CPU.Build.0 = Release|Any CPU
		{877A9EB4-E789-4E29-ABC9-F863906AA4B6}.Debug|Any CPU.ActiveCfg = Debug|Any CPU
		{877A9EB4-E789-4E29-ABC9-F863906AA4B6}.Debug|Any CPU.Build.0 = Debug|Any CPU
		{877A9EB4-E789-4E29-ABC9-F863906AA4B6}.Release|Any CPU.ActiveCfg = Release|Any CPU
		{877A9EB4-E789-4E29-ABC9-F863906AA4B6}.Release|Any CPU.Build.0 = Release|Any CPU
		{4D18BA58-7296-4182-BBCB-D62205F2B652}.Debug|Any CPU.ActiveCfg = Debug|Any CPU
		{4D18BA58-7296-4182-BBCB-D62205F2B652}.Debug|Any CPU.Build.0 = Debug|Any CPU
		{4D18BA58-7296-4182-BBCB-D62205F2B652}.Release|Any CPU.ActiveCfg = Release|Any CPU
		{4D18BA58-7296-4182-BBCB-D62205F2B652}.Release|Any CPU.Build.0 = Release|Any CPU
	EndGlobalSection
EndGlobal
